
Microsoft Visual Studio Solution File, Format Version 12.00
# Visual Studio Version 17
VisualStudioVersion = 17.7.34031.279
MinimumVisualStudioVersion = 10.0.40219.1
Project("{FAE04EC0-301F-11D3-BF4B-00C04F79EFBC}") = "DataAcces", "DateAcces\DataAcces.csproj", "{4406FE81-68C7-42A5-987C-ABD220BD1852}"
EndProject
Project("{FAE04EC0-301F-11D3-BF4B-00C04F79EFBC}") = "Business", "Business\Business.csproj", "{27F48B6E-C0A1-4040-BF48-92A649E76BE1}"
EndProject
Project("{FAE04EC0-301F-11D3-BF4B-00C04F79EFBC}") = "Entities", "Entities\Entities.csproj", "{61C54968-FC1E-42E5-AA6B-7CA4C43D7666}"
EndProject
Project("{FAE04EC0-301F-11D3-BF4B-00C04F79EFBC}") = "ConsoleUI", "ConsoleUI\ConsoleUI.csproj", "{FF1D44DD-C284-41CF-895A-A4D13EE60E81}"
EndProject
Global
	GlobalSection(SolutionConfigurationPlatforms) = preSolution
		Debug|Any CPU = Debug|Any CPU
		Release|Any CPU = Release|Any CPU
	EndGlobalSection
	GlobalSection(ProjectConfigurationPlatforms) = postSolution
		{4406FE81-68C7-42A5-987C-ABD220BD1852}.Debug|Any CPU.ActiveCfg = Debug|Any CPU
		{4406FE81-68C7-42A5-987C-ABD220BD1852}.Debug|Any CPU.Build.0 = Debug|Any CPU
		{4406FE81-68C7-42A5-987C-ABD220BD1852}.Release|Any CPU.ActiveCfg = Release|Any CPU
		{4406FE81-68C7-42A5-987C-ABD220BD1852}.Release|Any CPU.Build.0 = Release|Any CPU
		{27F48B6E-C0A1-4040-BF48-92A649E76BE1}.Debug|Any CPU.ActiveCfg = Debug|Any CPU
		{27F48B6E-C0A1-4040-BF48-92A649E76BE1}.Debug|Any CPU.Build.0 = Debug|Any CPU
		{27F48B6E-C0A1-4040-BF48-92A649E76BE1}.Release|Any CPU.ActiveCfg = Release|Any CPU
		{27F48B6E-C0A1-4040-BF48-92A649E76BE1}.Release|Any CPU.Build.0 = Release|Any CPU
		{61C54968-FC1E-42E5-AA6B-7CA4C43D7666}.Debug|Any CPU.ActiveCfg = Debug|Any CPU
		{61C54968-FC1E-42E5-AA6B-7CA4C43D7666}.Debug|Any CPU.Build.0 = Debug|Any CPU
		{61C54968-FC1E-42E5-AA6B-7CA4C43D7666}.Release|Any CPU.ActiveCfg = Release|Any CPU
		{61C54968-FC1E-42E5-AA6B-7CA4C43D7666}.Release|Any CPU.Build.0 = Release|Any CPU
		{FF1D44DD-C284-41CF-895A-A4D13EE60E81}.Debug|Any CPU.ActiveCfg = Debug|Any CPU
		{FF1D44DD-C284-41CF-895A-A4D13EE60E81}.Debug|Any CPU.Build.0 = Debug|Any CPU
		{FF1D44DD-C284-41CF-895A-A4D13EE60E81}.Release|Any CPU.ActiveCfg = Release|Any CPU
		{FF1D44DD-C284-41CF-895A-A4D13EE60E81}.Release|Any CPU.Build.0 = Release|Any CPU
	EndGlobalSection
	GlobalSection(SolutionProperties) = preSolution
		HideSolutionNode = FALSE
	EndGlobalSection
	GlobalSection(ExtensibilityGlobals) = postSolution
		SolutionGuid = {30B43E16-38BA-43A7-843E-A6D4AB423D56}
	EndGlobalSection
EndGlobal
